
Microsoft Visual Studio Solution File, Format Version 12.00
Project("{2150E333-8FDC-42A3-9474-1A3956D46DE8}") = "Core", "Core", "{F6818564-29B5-4DD9-9A2F-BDC1C7C37E4D}"
EndProject
Project("{2150E333-8FDC-42A3-9474-1A3956D46DE8}") = "Infrastructure", "Infrastructure", "{447A1CD2-B3EE-4C1E-A23C-2CDAF5A46DCC}"
EndProject
Project("{2150E333-8FDC-42A3-9474-1A3956D46DE8}") = "Presentation", "Presentation", "{8AB4D0E6-4718-417A-94C4-D3C85379BA4E}"
EndProject
Project("{2150E333-8FDC-42A3-9474-1A3956D46DE8}") = "Tests", "Tests", "{BA157535-77FA-4E05-B263-A512C50D7C96}"
EndProject
Project("{FAE04EC0-301F-11D3-BF4B-00C04F79EFBC}") = "AP.Domain", "AP.Domain\AP.Domain.csproj", "{181FAAB7-6C8F-4734-92CE-940D0B64FAAB}"
EndProject
Project("{FAE04EC0-301F-11D3-BF4B-00C04F79EFBC}") = "AP.Application", "AP.Application\AP.Application.csproj", "{9A751DD1-2242-4B9D-9C4F-E41BB5CF0E09}"
EndProject
Project("{FAE04EC0-301F-11D3-BF4B-00C04F79EFBC}") = "AP.Persistence", "AP.Persistence\AP.Persistence.csproj", "{3F98AFF0-8636-4F7B-8DAA-8E733B285E19}"
EndProject
Project("{FAE04EC0-301F-11D3-BF4B-00C04F79EFBC}") = "AP.WebApi", "AP.WebApi\AP.WebApi.csproj", "{3BA0EDBB-228A-4C28-BE39-C20E373914DC}"
EndProject
Project("{FAE04EC0-301F-11D3-BF4B-00C04F79EFBC}") = "AP.Tests", "AP.Tests\AP.Tests.csproj", "{0FC0CACF-518F-44E7-81D7-D1A72BC76601}"
EndProject
Global
	GlobalSection(SolutionConfigurationPlatforms) = preSolution
		Debug|Any CPU = Debug|Any CPU
		Release|Any CPU = Release|Any CPU
	EndGlobalSection
	GlobalSection(NestedProjects) = preSolution
		{181FAAB7-6C8F-4734-92CE-940D0B64FAAB} = {F6818564-29B5-4DD9-9A2F-BDC1C7C37E4D}
		{9A751DD1-2242-4B9D-9C4F-E41BB5CF0E09} = {F6818564-29B5-4DD9-9A2F-BDC1C7C37E4D}
		{3F98AFF0-8636-4F7B-8DAA-8E733B285E19} = {447A1CD2-B3EE-4C1E-A23C-2CDAF5A46DCC}
		{3BA0EDBB-228A-4C28-BE39-C20E373914DC} = {8AB4D0E6-4718-417A-94C4-D3C85379BA4E}
		{0FC0CACF-518F-44E7-81D7-D1A72BC76601} = {BA157535-77FA-4E05-B263-A512C50D7C96}
	EndGlobalSection
	GlobalSection(ProjectConfigurationPlatforms) = postSolution
		{181FAAB7-6C8F-4734-92CE-940D0B64FAAB}.Debug|Any CPU.ActiveCfg = Debug|Any CPU
		{181FAAB7-6C8F-4734-92CE-940D0B64FAAB}.Debug|Any CPU.Build.0 = Debug|Any CPU
		{181FAAB7-6C8F-4734-92CE-940D0B64FAAB}.Release|Any CPU.ActiveCfg = Release|Any CPU
		{181FAAB7-6C8F-4734-92CE-940D0B64FAAB}.Release|Any CPU.Build.0 = Release|Any CPU
		{9A751DD1-2242-4B9D-9C4F-E41BB5CF0E09}.Debug|Any CPU.ActiveCfg = Debug|Any CPU
		{9A751DD1-2242-4B9D-9C4F-E41BB5CF0E09}.Debug|Any CPU.Build.0 = Debug|Any CPU
		{9A751DD1-2242-4B9D-9C4F-E41BB5CF0E09}.Release|Any CPU.ActiveCfg = Release|Any CPU
		{9A751DD1-2242-4B9D-9C4F-E41BB5CF0E09}.Release|Any CPU.Build.0 = Release|Any CPU
		{3F98AFF0-8636-4F7B-8DAA-8E733B285E19}.Debug|Any CPU.ActiveCfg = Debug|Any CPU
		{3F98AFF0-8636-4F7B-8DAA-8E733B285E19}.Debug|Any CPU.Build.0 = Debug|Any CPU
		{3F98AFF0-8636-4F7B-8DAA-8E733B285E19}.Release|Any CPU.ActiveCfg = Release|Any CPU
		{3F98AFF0-8636-4F7B-8DAA-8E733B285E19}.Release|Any CPU.Build.0 = Release|Any CPU
		{3BA0EDBB-228A-4C28-BE39-C20E373914DC}.Debug|Any CPU.ActiveCfg = Debug|Any CPU
		{3BA0EDBB-228A-4C28-BE39-C20E373914DC}.Debug|Any CPU.Build.0 = Debug|Any CPU
		{3BA0EDBB-228A-4C28-BE39-C20E373914DC}.Release|Any CPU.ActiveCfg = Release|Any CPU
		{3BA0EDBB-228A-4C28-BE39-C20E373914DC}.Release|Any CPU.Build.0 = Release|Any CPU
		{0FC0CACF-518F-44E7-81D7-D1A72BC76601}.Debug|Any CPU.ActiveCfg = Debug|Any CPU
		{0FC0CACF-518F-44E7-81D7-D1A72BC76601}.Debug|Any CPU.Build.0 = Debug|Any CPU
		{0FC0CACF-518F-44E7-81D7-D1A72BC76601}.Release|Any CPU.ActiveCfg = Release|Any CPU
		{0FC0CACF-518F-44E7-81D7-D1A72BC76601}.Release|Any CPU.Build.0 = Release|Any CPU
	EndGlobalSection
EndGlobal
